
Microsoft Visual Studio Solution File, Format Version 12.00
# Visual Studio 15
VisualStudioVersion = 15.0.28307.902
MinimumVisualStudioVersion = 10.0.40219.1
Project("{2150E333-8FDC-42A3-9474-1A3956D46DE8}") = "Feature", "Feature", "{F0FB3536-F8E3-4F0A-B3D3-94617D6D33CB}"
EndProject
Project("{2150E333-8FDC-42A3-9474-1A3956D46DE8}") = "Foundation", "Foundation", "{D6B03BD8-9DC3-4BBB-AB72-F4A3535623C3}"
EndProject
Project("{2150E333-8FDC-42A3-9474-1A3956D46DE8}") = "Project", "Project", "{EE923718-C986-412B-845E-1C70771654C0}"
EndProject
Project("{2150E333-8FDC-42A3-9474-1A3956D46DE8}") = "Configuration", "Configuration", "{76B7C9C2-25BC-4CB2-893C-106A705CA844}"
	ProjectSection(SolutionItems) = preProject
		gulp-config.js = gulp-config.js
		gulpfile.js = gulpfile.js
		package.json = package.json
	EndProjectSection
EndProject
Project("{2150E333-8FDC-42A3-9474-1A3956D46DE8}") = "SitecoreDev", "SitecoreDev", "{1FB5A3A4-AE06-4B45-8F67-70A22D1D78B8}"
EndProject
Project("{2150E333-8FDC-42A3-9474-1A3956D46DE8}") = "SitecoreExtensions", "SitecoreExtensions", "{89160CC9-BCDA-4A21-A98A-D37A0D33A642}"
EndProject
Project("{FAE04EC0-301F-11D3-BF4B-00C04F79EFBC}") = "SitecoreDev.Foundation.SitecoreExtensions", "Foundation\SitecoreExtensions\SitecoreDev.Foundation.SitecoreExtensions\SitecoreDev.Foundation.SitecoreExtensions.csproj", "{789D349D-D686-4165-AC18-0A66FE5F7983}"
EndProject
Project("{2150E333-8FDC-42A3-9474-1A3956D46DE8}") = "Styles", "Styles", "{E52A77C4-B1B5-479B-A9FC-991EC64342BB}"
EndProject
Project("{FAE04EC0-301F-11D3-BF4B-00C04F79EFBC}") = "SitecoreDev.Foundation.Styles", "Foundation\Styles\SitecoreDev.Foundation.Styles\SitecoreDev.Foundation.Styles.csproj", "{2F8DB5E9-1E32-48EC-AB83-8655B60EB5F3}"
EndProject
Project("{2150E333-8FDC-42A3-9474-1A3956D46DE8}") = "Media", "Media", "{203C46C9-2FB5-406D-9ADD-A1867BB35420}"
EndProject
Project("{FAE04EC0-301F-11D3-BF4B-00C04F79EFBC}") = "SitecoreDev.Feature.Media", "Feature\Media\SitecoreDev.Feature.Media\SitecoreDev.Feature.Media.csproj", "{0D805305-B6A9-4D8E-B5FA-5FDED72D573A}"
EndProject
Project("{FAE04EC0-301F-11D3-BF4B-00C04F79EFBC}") = "SitecoreDev.Website", "Project\SitecoreDev\SitecoreDev.Website\SitecoreDev.Website.csproj", "{76F78A8A-1A30-4791-9B09-48F25260D8D1}"
EndProject
Project("{2150E333-8FDC-42A3-9474-1A3956D46DE8}") = "Articles", "Articles", "{436D3745-0B0F-4AC0-889C-96778063706F}"
EndProject
Project("{FAE04EC0-301F-11D3-BF4B-00C04F79EFBC}") = "SitecoreDev.Feature.Articles", "Feature\Articles\SitecoreDev.Feature.Articles\SitecoreDev.Feature.Articles.csproj", "{2937A4C6-3DE7-4578-B746-47F88665D61D}"
EndProject
Project("{2150E333-8FDC-42A3-9474-1A3956D46DE8}") = "ORM", "ORM", "{971F8EC7-B98D-4B29-A27C-EAFF3C709958}"
EndProject
Project("{FAE04EC0-301F-11D3-BF4B-00C04F79EFBC}") = "SitecoreDev.Foundation.Orm", "Foundation\ORM\SitecoreDev.Foundation.Orm\SitecoreDev.Foundation.Orm.csproj", "{1E0D7EFD-FE74-499B-A916-3D3D9C26DF66}"
EndProject
Project("{2150E333-8FDC-42A3-9474-1A3956D46DE8}") = "Model", "Model", "{97EFFCC8-A44B-45AD-A4AC-39B3A5C6157D}"
EndProject
Project("{FAE04EC0-301F-11D3-BF4B-00C04F79EFBC}") = "SitecoreDev.Foundation.Model", "SitecoreDev.Foundation.Model\SitecoreDev.Foundation.Model.csproj", "{5AE2208C-A4EF-4D34-A31C-1A5A82186D9D}"
EndProject
Project("{2150E333-8FDC-42A3-9474-1A3956D46DE8}") = "Repository", "Repository", "{32BABA82-C488-44A2-B2E3-5CD13FD4DCD2}"
EndProject
Project("{FAE04EC0-301F-11D3-BF4B-00C04F79EFBC}") = "SitecoreDev.Foundation.Repository", "Foundation\Repository\SitecoreDev.Foundation.Repository\SitecoreDev.Foundation.Repository.csproj", "{0D83A201-FDAC-4B55-AED0-EE3C384BC460}"
EndProject
Global
	GlobalSection(SolutionConfigurationPlatforms) = preSolution
		Debug|Any CPU = Debug|Any CPU
		Release|Any CPU = Release|Any CPU
	EndGlobalSection
	GlobalSection(ProjectConfigurationPlatforms) = postSolution
		{789D349D-D686-4165-AC18-0A66FE5F7983}.Debug|Any CPU.ActiveCfg = Debug|Any CPU
		{789D349D-D686-4165-AC18-0A66FE5F7983}.Debug|Any CPU.Build.0 = Debug|Any CPU
		{789D349D-D686-4165-AC18-0A66FE5F7983}.Release|Any CPU.ActiveCfg = Release|Any CPU
		{789D349D-D686-4165-AC18-0A66FE5F7983}.Release|Any CPU.Build.0 = Release|Any CPU
		{2F8DB5E9-1E32-48EC-AB83-8655B60EB5F3}.Debug|Any CPU.ActiveCfg = Debug|Any CPU
		{2F8DB5E9-1E32-48EC-AB83-8655B60EB5F3}.Debug|Any CPU.Build.0 = Debug|Any CPU
		{2F8DB5E9-1E32-48EC-AB83-8655B60EB5F3}.Release|Any CPU.ActiveCfg = Release|Any CPU
		{2F8DB5E9-1E32-48EC-AB83-8655B60EB5F3}.Release|Any CPU.Build.0 = Release|Any CPU
		{0D805305-B6A9-4D8E-B5FA-5FDED72D573A}.Debug|Any CPU.ActiveCfg = Debug|Any CPU
		{0D805305-B6A9-4D8E-B5FA-5FDED72D573A}.Debug|Any CPU.Build.0 = Debug|Any CPU
		{0D805305-B6A9-4D8E-B5FA-5FDED72D573A}.Release|Any CPU.ActiveCfg = Release|Any CPU
		{0D805305-B6A9-4D8E-B5FA-5FDED72D573A}.Release|Any CPU.Build.0 = Release|Any CPU
		{76F78A8A-1A30-4791-9B09-48F25260D8D1}.Debug|Any CPU.ActiveCfg = Debug|Any CPU
		{76F78A8A-1A30-4791-9B09-48F25260D8D1}.Debug|Any CPU.Build.0 = Debug|Any CPU
		{76F78A8A-1A30-4791-9B09-48F25260D8D1}.Release|Any CPU.ActiveCfg = Release|Any CPU
		{76F78A8A-1A30-4791-9B09-48F25260D8D1}.Release|Any CPU.Build.0 = Release|Any CPU
		{2937A4C6-3DE7-4578-B746-47F88665D61D}.Debug|Any CPU.ActiveCfg = Debug|Any CPU
		{2937A4C6-3DE7-4578-B746-47F88665D61D}.Debug|Any CPU.Build.0 = Debug|Any CPU
		{2937A4C6-3DE7-4578-B746-47F88665D61D}.Release|Any CPU.ActiveCfg = Release|Any CPU
		{2937A4C6-3DE7-4578-B746-47F88665D61D}.Release|Any CPU.Build.0 = Release|Any CPU
		{1E0D7EFD-FE74-499B-A916-3D3D9C26DF66}.Debug|Any CPU.ActiveCfg = Debug|Any CPU
		{1E0D7EFD-FE74-499B-A916-3D3D9C26DF66}.Debug|Any CPU.Build.0 = Debug|Any CPU
		{1E0D7EFD-FE74-499B-A916-3D3D9C26DF66}.Release|Any CPU.ActiveCfg = Release|Any CPU
		{1E0D7EFD-FE74-499B-A916-3D3D9C26DF66}.Release|Any CPU.Build.0 = Release|Any CPU
		{5AE2208C-A4EF-4D34-A31C-1A5A82186D9D}.Debug|Any CPU.ActiveCfg = Debug|Any CPU
		{5AE2208C-A4EF-4D34-A31C-1A5A82186D9D}.Debug|Any CPU.Build.0 = Debug|Any CPU
		{5AE2208C-A4EF-4D34-A31C-1A5A82186D9D}.Release|Any CPU.ActiveCfg = Release|Any CPU
		{5AE2208C-A4EF-4D34-A31C-1A5A82186D9D}.Release|Any CPU.Build.0 = Release|Any CPU
		{0D83A201-FDAC-4B55-AED0-EE3C384BC460}.Debug|Any CPU.ActiveCfg = Debug|Any CPU
		{0D83A201-FDAC-4B55-AED0-EE3C384BC460}.Debug|Any CPU.Build.0 = Debug|Any CPU
		{0D83A201-FDAC-4B55-AED0-EE3C384BC460}.Release|Any CPU.ActiveCfg = Release|Any CPU
		{0D83A201-FDAC-4B55-AED0-EE3C384BC460}.Release|Any CPU.Build.0 = Release|Any CPU
	EndGlobalSection
	GlobalSection(SolutionProperties) = preSolution
		HideSolutionNode = FALSE
	EndGlobalSection
	GlobalSection(NestedProjects) = preSolution
		{1FB5A3A4-AE06-4B45-8F67-70A22D1D78B8} = {EE923718-C986-412B-845E-1C70771654C0}
		{89160CC9-BCDA-4A21-A98A-D37A0D33A642} = {D6B03BD8-9DC3-4BBB-AB72-F4A3535623C3}
		{789D349D-D686-4165-AC18-0A66FE5F7983} = {89160CC9-BCDA-4A21-A98A-D37A0D33A642}
		{E52A77C4-B1B5-479B-A9FC-991EC64342BB} = {D6B03BD8-9DC3-4BBB-AB72-F4A3535623C3}
		{2F8DB5E9-1E32-48EC-AB83-8655B60EB5F3} = {E52A77C4-B1B5-479B-A9FC-991EC64342BB}
		{203C46C9-2FB5-406D-9ADD-A1867BB35420} = {F0FB3536-F8E3-4F0A-B3D3-94617D6D33CB}
		{0D805305-B6A9-4D8E-B5FA-5FDED72D573A} = {203C46C9-2FB5-406D-9ADD-A1867BB35420}
		{76F78A8A-1A30-4791-9B09-48F25260D8D1} = {1FB5A3A4-AE06-4B45-8F67-70A22D1D78B8}
		{436D3745-0B0F-4AC0-889C-96778063706F} = {F0FB3536-F8E3-4F0A-B3D3-94617D6D33CB}
		{2937A4C6-3DE7-4578-B746-47F88665D61D} = {436D3745-0B0F-4AC0-889C-96778063706F}
		{971F8EC7-B98D-4B29-A27C-EAFF3C709958} = {D6B03BD8-9DC3-4BBB-AB72-F4A3535623C3}
		{1E0D7EFD-FE74-499B-A916-3D3D9C26DF66} = {971F8EC7-B98D-4B29-A27C-EAFF3C709958}
		{97EFFCC8-A44B-45AD-A4AC-39B3A5C6157D} = {D6B03BD8-9DC3-4BBB-AB72-F4A3535623C3}
		{5AE2208C-A4EF-4D34-A31C-1A5A82186D9D} = {97EFFCC8-A44B-45AD-A4AC-39B3A5C6157D}
		{32BABA82-C488-44A2-B2E3-5CD13FD4DCD2} = {D6B03BD8-9DC3-4BBB-AB72-F4A3535623C3}
		{0D83A201-FDAC-4B55-AED0-EE3C384BC460} = {32BABA82-C488-44A2-B2E3-5CD13FD4DCD2}
	EndGlobalSection
	GlobalSection(ExtensibilityGlobals) = postSolution
		SolutionGuid = {63E30E71-D287-4F0F-AB9F-76CE40CE2936}
	EndGlobalSection
EndGlobal
